lockfileVersion: '9.0'

settings:
  autoInstallPeers: true
  excludeLinksFromLockfile: false

importers:

  .:
    devDependencies:
      '@oxlint/plugins':
        specifier: 1.78.0
        version: 1.78.0
      typescript:
        specifier: ^5.9.3
        version: 5.9.3

packages:

  '@oxlint/plugins@1.78.0':
    resolution: {integrity: sha512-Ypt8KeRYw+4jUtlPirfcHWMrn5ms12VrrFPD+Mds477/7tJxG1Kcz2Yrg2nVcTQEUx/GdlhS+BUg1kmxNm04Ug==}
    engines: {node: ^12.22.0 || ^14.17.0 || >=16.0.0}

  typescript@5.9.3:
    resolution: {integrity: sha512-jl1vZzPDinLr9eUt3J/t7V6FgNEw9QjvBPdysz9KfQDD41fQrC2Y4vKQdiaUpFT4bXlb1RHhLpp8wtm6M5TgSw==}
    engines: {node: '>=14.17'}
    hasBin: true

snapshots:

  '@oxlint/plugins@1.78.0': {}

  typescript@5.9.3: {}
